
Microsoft Visual Studio Solution File, Format Version 12.00
# Visual Studio Version 17
VisualStudioVersion = 17.5.002.0
MinimumVisualStudioVersion = 10.0.40219.1
Project("{9A19103F-16F7-4668-BE54-9A1E7A4F7556}") = "expense_classification", "expense_classification.csproj", "{50CF0EDB-2BFF-47A2-AFD6-87FDAE5EA855}"
EndProject
Global
	GlobalSection(SolutionConfigurationPlatforms) = preSolution
		Debug|Any CPU = Debug|Any CPU
		Release|Any CPU = Release|Any CPU
	EndGlobalSection
	GlobalSection(ProjectConfigurationPlatforms) = postSolution
		{50CF0EDB-2BFF-47A2-AFD6-87FDAE5EA855}.Debug|Any CPU.ActiveCfg = Debug|Any CPU
		{50CF0EDB-2BFF-47A2-AFD6-87FDAE5EA855}.Debug|Any CPU.Build.0 = Debug|Any CPU
		{50CF0EDB-2BFF-47A2-AFD6-87FDAE5EA855}.Release|Any CPU.ActiveCfg = Release|Any CPU
		{50CF0EDB-2BFF-47A2-AFD6-87FDAE5EA855}.Release|Any CPU.Build.0 = Release|Any CPU
	EndGlobalSection
	GlobalSection(SolutionProperties) = preSolution
		HideSolutionNode = FALSE
	EndGlobalSection
	GlobalSection(ExtensibilityGlobals) = postSolution
		SolutionGuid = {6A9B4BBA-8443-4433-961D-837A2EC90FE0}
	EndGlobalSection
EndGlobal
